
Microsoft Visual Studio Solution File, Format Version 12.00
# Visual Studio Version 16
VisualStudioVersion = 16.0.28803.452
MinimumVisualStudioVersion = 10.0.40219.1
Project("{FAE04EC0-301F-11D3-BF4B-00C04F79EFBC}") = "WebDashboardDataSources", "WebDashboardDataSources\WebDashboardDataSources.csproj", "{23BDDBE1-00C3-4223-9D4B-3181573DB322}"
EndProject
Global
	GlobalSection(SolutionConfigurationPlatforms) = preSolution
		Debug|Any CPU = Debug|Any CPU
		Release|Any CPU = Release|Any CPU
	EndGlobalSection
	GlobalSection(ProjectConfigurationPlatforms) = postSolution
		{23BDDBE1-00C3-4223-9D4B-3181573DB322}.Debug|Any CPU.ActiveCfg = Debug|Any CPU
		{23BDDBE1-00C3-4223-9D4B-3181573DB322}.Debug|Any CPU.Build.0 = Debug|Any CPU
		{23BDDBE1-00C3-4223-9D4B-3181573DB322}.Release|Any CPU.ActiveCfg = Release|Any CPU
		{23BDDBE1-00C3-4223-9D4B-3181573DB322}.Release|Any CPU.Build.0 = Release|Any CPU
	EndGlobalSection
	GlobalSection(SolutionProperties) = preSolution
		HideSolutionNode = FALSE
	EndGlobalSection
	GlobalSection(ExtensibilityGlobals) = postSolution
		SolutionGuid = {D8A23C40-E64B-461C-B272-1DECB1EBFBAA}
	EndGlobalSection
EndGlobal
